
Microsoft Visual Studio Solution File, Format Version 12.00
# Visual Studio 2015
Project("{FAE04EC0-301F-11D3-BF4B-00C04F79EFBC}") = "Gameproject.CSharp.Plugins", "Gameproject.CSharp.Plugins.csproj", "{61AA249A-1558-1E81-8499-F655D15EA36C}"
EndProject
Project("{FAE04EC0-301F-11D3-BF4B-00C04F79EFBC}") = "Gameproject.CSharp", "Gameproject.CSharp.csproj", "{9F976F23-71C5-99EA-B5CC-5855E77F3103}"
EndProject
Project("{FAE04EC0-301F-11D3-BF4B-00C04F79EFBC}") = "Gameproject.CSharp.Editor.Plugins", "Gameproject.CSharp.Editor.Plugins.csproj", "{07D0E3A9-61CD-D863-A6DC-4207716F4773}"
EndProject
Project("{FAE04EC0-301F-11D3-BF4B-00C04F79EFBC}") = "Gameproject.CSharp.Editor", "Gameproject.CSharp.Editor.csproj", "{608716E8-0962-85B8-5906-5C50FEAF2964}"
EndProject
Global
	GlobalSection(SolutionConfigurationPlatforms) = preSolution
		Debug|Any CPU = Debug|Any CPU
		Release|Any CPU = Release|Any CPU
	EndGlobalSection
	GlobalSection(ProjectConfigurationPlatforms) = postSolution
		{61AA249A-1558-1E81-8499-F655D15EA36C}.Debug|Any CPU.ActiveCfg = Debug|Any CPU
		{61AA249A-1558-1E81-8499-F655D15EA36C}.Debug|Any CPU.Build.0 = Debug|Any CPU
		{61AA249A-1558-1E81-8499-F655D15EA36C}.Release|Any CPU.ActiveCfg = Release|Any CPU
		{61AA249A-1558-1E81-8499-F655D15EA36C}.Release|Any CPU.Build.0 = Release|Any CPU
		{9F976F23-71C5-99EA-B5CC-5855E77F3103}.Debug|Any CPU.ActiveCfg = Debug|Any CPU
		{9F976F23-71C5-99EA-B5CC-5855E77F3103}.Debug|Any CPU.Build.0 = Debug|Any CPU
		{9F976F23-71C5-99EA-B5CC-5855E77F3103}.Release|Any CPU.ActiveCfg = Release|Any CPU
		{9F976F23-71C5-99EA-B5CC-5855E77F3103}.Release|Any CPU.Build.0 = Release|Any CPU
		{07D0E3A9-61CD-D863-A6DC-4207716F4773}.Debug|Any CPU.ActiveCfg = Debug|Any CPU
		{07D0E3A9-61CD-D863-A6DC-4207716F4773}.Debug|Any CPU.Build.0 = Debug|Any CPU
		{07D0E3A9-61CD-D863-A6DC-4207716F4773}.Release|Any CPU.ActiveCfg = Release|Any CPU
		{07D0E3A9-61CD-D863-A6DC-4207716F4773}.Release|Any CPU.Build.0 = Release|Any CPU
		{608716E8-0962-85B8-5906-5C50FEAF2964}.Debug|Any CPU.ActiveCfg = Debug|Any CPU
		{608716E8-0962-85B8-5906-5C50FEAF2964}.Debug|Any CPU.Build.0 = Debug|Any CPU
		{608716E8-0962-85B8-5906-5C50FEAF2964}.Release|Any CPU.ActiveCfg = Release|Any CPU
		{608716E8-0962-85B8-5906-5C50FEAF2964}.Release|Any CPU.Build.0 = Release|Any CPU
	EndGlobalSection
	GlobalSection(SolutionProperties) = preSolution
		HideSolutionNode = FALSE
	EndGlobalSection
EndGlobal
