
Microsoft Visual Studio Solution File, Format Version 12.00
# Visual Studio 2017
Project("{FAE04EC0-301F-11D3-BF4B-00C04F79EFBC}") = "Gameproject.Plugins", "Gameproject.Plugins.csproj", "{C5680383-40DB-3FAE-F5E7-66F9248DF080}"
EndProject
Project("{FAE04EC0-301F-11D3-BF4B-00C04F79EFBC}") = "Gameproject", "Gameproject.csproj", "{9164DBCE-40F9-CE81-6D98-1F03ABEDCC23}"
EndProject
Project("{FAE04EC0-301F-11D3-BF4B-00C04F79EFBC}") = "Gameproject.Editor.Plugins", "Gameproject.Editor.Plugins.csproj", "{17F45CEB-7560-B7CB-CBED-784E003B8AA3}"
EndProject
Project("{FAE04EC0-301F-11D3-BF4B-00C04F79EFBC}") = "Gameproject.Editor", "Gameproject.Editor.csproj", "{27E9E87D-FDC1-EAD9-D702-A9882B0D010B}"
EndProject
Global
	GlobalSection(SolutionConfigurationPlatforms) = preSolution
		Debug|Any CPU = Debug|Any CPU
		Release|Any CPU = Release|Any CPU
	EndGlobalSection
	GlobalSection(ProjectConfigurationPlatforms) = postSolution
		{C5680383-40DB-3FAE-F5E7-66F9248DF080}.Debug|Any CPU.ActiveCfg = Debug|Any CPU
		{C5680383-40DB-3FAE-F5E7-66F9248DF080}.Debug|Any CPU.Build.0 = Debug|Any CPU
		{C5680383-40DB-3FAE-F5E7-66F9248DF080}.Release|Any CPU.ActiveCfg = Release|Any CPU
		{C5680383-40DB-3FAE-F5E7-66F9248DF080}.Release|Any CPU.Build.0 = Release|Any CPU
		{9164DBCE-40F9-CE81-6D98-1F03ABEDCC23}.Debug|Any CPU.ActiveCfg = Debug|Any CPU
		{9164DBCE-40F9-CE81-6D98-1F03ABEDCC23}.Debug|Any CPU.Build.0 = Debug|Any CPU
		{9164DBCE-40F9-CE81-6D98-1F03ABEDCC23}.Release|Any CPU.ActiveCfg = Release|Any CPU
		{9164DBCE-40F9-CE81-6D98-1F03ABEDCC23}.Release|Any CPU.Build.0 = Release|Any CPU
		{17F45CEB-7560-B7CB-CBED-784E003B8AA3}.Debug|Any CPU.ActiveCfg = Debug|Any CPU
		{17F45CEB-7560-B7CB-CBED-784E003B8AA3}.Debug|Any CPU.Build.0 = Debug|Any CPU
		{17F45CEB-7560-B7CB-CBED-784E003B8AA3}.Release|Any CPU.ActiveCfg = Release|Any CPU
		{17F45CEB-7560-B7CB-CBED-784E003B8AA3}.Release|Any CPU.Build.0 = Release|Any CPU
		{27E9E87D-FDC1-EAD9-D702-A9882B0D010B}.Debug|Any CPU.ActiveCfg = Debug|Any CPU
		{27E9E87D-FDC1-EAD9-D702-A9882B0D010B}.Debug|Any CPU.Build.0 = Debug|Any CPU
		{27E9E87D-FDC1-EAD9-D702-A9882B0D010B}.Release|Any CPU.ActiveCfg = Release|Any CPU
		{27E9E87D-FDC1-EAD9-D702-A9882B0D010B}.Release|Any CPU.Build.0 = Release|Any CPU
	EndGlobalSection
	GlobalSection(SolutionProperties) = preSolution
		HideSolutionNode = FALSE
	EndGlobalSection
EndGlobal
